
Microsoft Visual Studio Solution File, Format Version 12.00
# Visual Studio Version 17
VisualStudioVersion = 17.4.33205.214
MinimumVisualStudioVersion = 10.0.40219.1
Project("{8BC9CEB8-8B4A-11D0-8D11-00A0C91BC942}") = "ConsoleApplication4", "ConsoleApplication4.vcxproj", "{74A30F10-0FE0-468C-84C9-7712C8E67466}"
EndProject
Project("{8BC9CEB8-8B4A-11D0-8D11-00A0C91BC942}") = "OOP1", "..\OOP1\OOP1.vcxproj", "{20B048A2-F1C8-4DE4-95DD-180C5D9629AA}"
EndProject
Project("{8BC9CEB8-8B4A-11D0-8D11-00A0C91BC942}") = "OOP2", "..\OOP2\OOP2.vcxproj", "{B1108B4F-C44E-4FBE-8A2B-BE9A7DE025CD}"
EndProject
Project("{8BC9CEB8-8B4A-11D0-8D11-00A0C91BC942}") = "ATMProgram", "..\ATMProgram\ATMProgram.vcxproj", "{A82F7610-716E-401F-BC3F-5C962A8667ED}"
EndProject
Project("{8BC9CEB8-8B4A-11D0-8D11-00A0C91BC942}") = "TakeInputFromUser", "..\TakeInputFromUser\TakeInputFromUser.vcxproj", "{D1346450-25A4-4771-8037-4A6BABB21E11}"
EndProject
Project("{8BC9CEB8-8B4A-11D0-8D11-00A0C91BC942}") = "ATMProgAish", "..\ATMProgAish\ATMProgAish.vcxproj", "{4FEDD3DD-68A3-4C3A-AD85-A65919024A93}"
EndProject
Project("{8BC9CEB8-8B4A-11D0-8D11-00A0C91BC942}") = "ATMProgwClass", "..\ATMProgwClass\ATMProgwClass.vcxproj", "{A127486C-D202-4D1F-A06A-97EB93CABA24}"
EndProject
Project("{8BC9CEB8-8B4A-11D0-8D11-00A0C91BC942}") = "ATMProgWFunctionsOnly", "..\ATMProgWFunctionsOnly\ATMProgWFunctionsOnly.vcxproj", "{E94D1272-75B8-4793-9260-4E4B43F35513}"
EndProject
Project("{8BC9CEB8-8B4A-11D0-8D11-00A0C91BC942}") = "RationalNumber", "..\RationalNumber\RationalNumber.vcxproj", "{258DC50A-F4CA-42D8-84EE-0DE98835AC1B}"
EndProject
Project("{8BC9CEB8-8B4A-11D0-8D11-00A0C91BC942}") = "StructuresAndClasses", "..\StructuresAndClasses\StructuresAndClasses.vcxproj", "{F8812997-8F02-4AE3-A722-613E2ADFF7BC}"
EndProject
Project("{8BC9CEB8-8B4A-11D0-8D11-00A0C91BC942}") = "DistanceCalc", "..\DistanceCalc\DistanceCalc.vcxproj", "{9E651998-9397-4B7E-B451-1E8F73615936}"
EndProject
Project("{8BC9CEB8-8B4A-11D0-8D11-00A0C91BC942}") = "PointerToClasses", "..\PointerToClasses\PointerToClasses.vcxproj", "{A2C3A0F0-E6FD-4019-9F4B-002C8C824F37}"
EndProject
Project("{8BC9CEB8-8B4A-11D0-8D11-00A0C91BC942}") = "FunctLect", "..\FunctLect\FunctLect.vcxproj", "{185B77BA-1DE6-4F0B-99B2-667611B97048}"
EndProject
Project("{8BC9CEB8-8B4A-11D0-8D11-00A0C91BC942}") = "InsertionSort", "..\InsertionSort\InsertionSort.vcxproj", "{0A94E1D3-DCB8-44B8-B106-D8C62300DBD9}"
EndProject
Project("{8BC9CEB8-8B4A-11D0-8D11-00A0C91BC942}") = "BinarySearchArray", "..\BinarySearchArray\BinarySearchArray.vcxproj", "{65DF2C00-3C13-4925-A611-FA5D9396A6BC}"
EndProject
Project("{8BC9CEB8-8B4A-11D0-8D11-00A0C91BC942}") = "LinearSearchArray", "..\LinearSearchArray\LinearSearchArray.vcxproj", "{FB0C76E3-0FD7-4F6E-AD1D-FBF693A7C7C6}"
EndProject
Project("{2150E333-8FDC-42A3-9474-1A3956D46DE8}") = "Search", "Search", "{08F7FE2C-7F4A-4FAA-A529-41C6C252A18C}"
EndProject
Project("{8BC9CEB8-8B4A-11D0-8D11-00A0C91BC942}") = "GeneralProgramming", "..\GeneralProgramming\GeneralProgramming.vcxproj", "{1DBB602E-A348-4046-97CE-68ADBD105D7B}"
EndProject
Project("{8BC9CEB8-8B4A-11D0-8D11-00A0C91BC942}") = "GeneralProgramming2", "..\GeneralProgramming2\GeneralProgramming2.vcxproj", "{CEC14D3B-9C1C-48DD-98EB-FAC6A41883EF}"
EndProject
Project("{8BC9CEB8-8B4A-11D0-8D11-00A0C91BC942}") = "LinkedLists", "..\LinkedLists\LinkedLists.vcxproj", "{74BFD944-1D86-40FC-AD5F-B631046D0EF8}"
EndProject
Project("{8BC9CEB8-8B4A-11D0-8D11-00A0C91BC942}") = "StackswithArrays", "..\StackswithArrays\StackswithArrays.vcxproj", "{BDDCB3DD-2D36-4952-8238-5AEBB16D1EDF}"
EndProject
Project("{8BC9CEB8-8B4A-11D0-8D11-00A0C91BC942}") = "UsingSTLListStackQueues", "..\UsingSTLListStackQueues\UsingSTLListStackQueues.vcxproj", "{97F808AA-F9DC-4DBF-ACAA-23185F5519C6}"
EndProject
Project("{8BC9CEB8-8B4A-11D0-8D11-00A0C91BC942}") = "StackDecimalToBinary", "..\StackDecimalToBinary\StackDecimalToBinary.vcxproj", "{A0534A3B-2897-4220-BB76-468F3C9F4983}"
EndProject
Project("{8BC9CEB8-8B4A-11D0-8D11-00A0C91BC942}") = "UsingVector", "..\UsingVector\UsingVector.vcxproj", "{9C6C2C5A-3C7B-40C0-8BB7-1640EF909F3C}"
EndProject
Project("{8BC9CEB8-8B4A-11D0-8D11-00A0C91BC942}") = "Containers", "..\Containers\Containers.vcxproj", "{8B312933-6289-4356-992E-CA50BC8153B2}"
EndProject
Project("{8BC9CEB8-8B4A-11D0-8D11-00A0C91BC942}") = "SetsAndMaps", "..\SetsAndMaps\SetsAndMaps.vcxproj", "{62CF25A1-6FC2-406B-810E-4BD5650ABA33}"
EndProject
Project("{8BC9CEB8-8B4A-11D0-8D11-00A0C91BC942}") = "Hashing", "..\Hashing\Hashing.vcxproj", "{717BC7E6-DCBF-4150-95C3-6677EE2541B8}"
EndProject
Project("{2150E333-8FDC-42A3-9474-1A3956D46DE8}") = "Sorting", "Sorting", "{3F3CA53B-7384-46A0-81D8-C501DE3D0C04}"
EndProject
Project("{8BC9CEB8-8B4A-11D0-8D11-00A0C91BC942}") = "MergeSort", "..\MergeSort\MergeSort.vcxproj", "{AD6B3EC3-08C2-4129-A31C-62AA39CB4BFB}"
EndProject
Project("{8BC9CEB8-8B4A-11D0-8D11-00A0C91BC942}") = "QuickSort", "..\QuickSort\QuickSort.vcxproj", "{87DBCAA0-79BA-4B86-8E6D-0ADED1387A03}"
EndProject
Project("{8BC9CEB8-8B4A-11D0-8D11-00A0C91BC942}") = "Practice", "..\Practice\Practice.vcxproj", "{08F9E264-DF6E-41BB-8EF8-E799BCC537A5}"
EndProject
Global
	GlobalSection(SolutionConfigurationPlatforms) = preSolution
		Debug|x64 = Debug|x64
		Debug|x86 = Debug|x86
		Release|x64 = Release|x64
		Release|x86 = Release|x86
	EndGlobalSection
	GlobalSection(ProjectConfigurationPlatforms) = postSolution
		{74A30F10-0FE0-468C-84C9-7712C8E67466}.Debug|x64.ActiveCfg = Debug|x64
		{74A30F10-0FE0-468C-84C9-7712C8E67466}.Debug|x64.Build.0 = Debug|x64
		{74A30F10-0FE0-468C-84C9-7712C8E67466}.Debug|x86.ActiveCfg = Debug|Win32
		{74A30F10-0FE0-468C-84C9-7712C8E67466}.Debug|x86.Build.0 = Debug|Win32
		{74A30F10-0FE0-468C-84C9-7712C8E67466}.Release|x64.ActiveCfg = Release|x64
		{74A30F10-0FE0-468C-84C9-7712C8E67466}.Release|x64.Build.0 = Release|x64
		{74A30F10-0FE0-468C-84C9-7712C8E67466}.Release|x86.ActiveCfg = Release|Win32
		{74A30F10-0FE0-468C-84C9-7712C8E67466}.Release|x86.Build.0 = Release|Win32
		{20B048A2-F1C8-4DE4-95DD-180C5D9629AA}.Debug|x64.ActiveCfg = Debug|x64
		{20B048A2-F1C8-4DE4-95DD-180C5D9629AA}.Debug|x64.Build.0 = Debug|x64
		{20B048A2-F1C8-4DE4-95DD-180C5D9629AA}.Debug|x86.ActiveCfg = Debug|Win32
		{20B048A2-F1C8-4DE4-95DD-180C5D9629AA}.Debug|x86.Build.0 = Debug|Win32
		{20B048A2-F1C8-4DE4-95DD-180C5D9629AA}.Release|x64.ActiveCfg = Release|x64
		{20B048A2-F1C8-4DE4-95DD-180C5D9629AA}.Release|x64.Build.0 = Release|x64
		{20B048A2-F1C8-4DE4-95DD-180C5D9629AA}.Release|x86.ActiveCfg = Release|Win32
		{20B048A2-F1C8-4DE4-95DD-180C5D9629AA}.Release|x86.Build.0 = Release|Win32
		{B1108B4F-C44E-4FBE-8A2B-BE9A7DE025CD}.Debug|x64.ActiveCfg = Debug|x64
		{B1108B4F-C44E-4FBE-8A2B-BE9A7DE025CD}.Debug|x64.Build.0 = Debug|x64
		{B1108B4F-C44E-4FBE-8A2B-BE9A7DE025CD}.Debug|x86.ActiveCfg = Debug|Win32
		{B1108B4F-C44E-4FBE-8A2B-BE9A7DE025CD}.Debug|x86.Build.0 = Debug|Win32
		{B1108B4F-C44E-4FBE-8A2B-BE9A7DE025CD}.Release|x64.ActiveCfg = Release|x64
		{B1108B4F-C44E-4FBE-8A2B-BE9A7DE025CD}.Release|x64.Build.0 = Release|x64
		{B1108B4F-C44E-4FBE-8A2B-BE9A7DE025CD}.Release|x86.ActiveCfg = Release|Win32
		{B1108B4F-C44E-4FBE-8A2B-BE9A7DE025CD}.Release|x86.Build.0 = Release|Win32
		{A82F7610-716E-401F-BC3F-5C962A8667ED}.Debug|x64.ActiveCfg = Debug|x64
		{A82F7610-716E-401F-BC3F-5C962A8667ED}.Debug|x64.Build.0 = Debug|x64
		{A82F7610-716E-401F-BC3F-5C962A8667ED}.Debug|x86.ActiveCfg = Debug|Win32
		{A82F7610-716E-401F-BC3F-5C962A8667ED}.Debug|x86.Build.0 = Debug|Win32
		{A82F7610-716E-401F-BC3F-5C962A8667ED}.Release|x64.ActiveCfg = Release|x64
		{A82F7610-716E-401F-BC3F-5C962A8667ED}.Release|x64.Build.0 = Release|x64
		{A82F7610-716E-401F-BC3F-5C962A8667ED}.Release|x86.ActiveCfg = Release|Win32
		{A82F7610-716E-401F-BC3F-5C962A8667ED}.Release|x86.Build.0 = Release|Win32
		{D1346450-25A4-4771-8037-4A6BABB21E11}.Debug|x64.ActiveCfg = Debug|x64
		{D1346450-25A4-4771-8037-4A6BABB21E11}.Debug|x64.Build.0 = Debug|x64
		{D1346450-25A4-4771-8037-4A6BABB21E11}.Debug|x86.ActiveCfg = Debug|Win32
		{D1346450-25A4-4771-8037-4A6BABB21E11}.Debug|x86.Build.0 = Debug|Win32
		{D1346450-25A4-4771-8037-4A6BABB21E11}.Release|x64.ActiveCfg = Release|x64
		{D1346450-25A4-4771-8037-4A6BABB21E11}.Release|x64.Build.0 = Release|x64
		{D1346450-25A4-4771-8037-4A6BABB21E11}.Release|x86.ActiveCfg = Release|Win32
		{D1346450-25A4-4771-8037-4A6BABB21E11}.Release|x86.Build.0 = Release|Win32
		{4FEDD3DD-68A3-4C3A-AD85-A65919024A93}.Debug|x64.ActiveCfg = Debug|x64
		{4FEDD3DD-68A3-4C3A-AD85-A65919024A93}.Debug|x64.Build.0 = Debug|x64
		{4FEDD3DD-68A3-4C3A-AD85-A65919024A93}.Debug|x86.ActiveCfg = Debug|Win32
		{4FEDD3DD-68A3-4C3A-AD85-A65919024A93}.Debug|x86.Build.0 = Debug|Win32
		{4FEDD3DD-68A3-4C3A-AD85-A65919024A93}.Release|x64.ActiveCfg = Release|x64
		{4FEDD3DD-68A3-4C3A-AD85-A65919024A93}.Release|x64.Build.0 = Release|x64
		{4FEDD3DD-68A3-4C3A-AD85-A65919024A93}.Release|x86.ActiveCfg = Release|Win32
		{4FEDD3DD-68A3-4C3A-AD85-A65919024A93}.Release|x86.Build.0 = Release|Win32
		{A127486C-D202-4D1F-A06A-97EB93CABA24}.Debug|x64.ActiveCfg = Debug|x64
		{A127486C-D202-4D1F-A06A-97EB93CABA24}.Debug|x64.Build.0 = Debug|x64
		{A127486C-D202-4D1F-A06A-97EB93CABA24}.Debug|x86.ActiveCfg = Debug|Win32
		{A127486C-D202-4D1F-A06A-97EB93CABA24}.Debug|x86.Build.0 = Debug|Win32
		{A127486C-D202-4D1F-A06A-97EB93CABA24}.Release|x64.ActiveCfg = Release|x64
		{A127486C-D202-4D1F-A06A-97EB93CABA24}.Release|x64.Build.0 = Release|x64
		{A127486C-D202-4D1F-A06A-97EB93CABA24}.Release|x86.ActiveCfg = Release|Win32
		{A127486C-D202-4D1F-A06A-97EB93CABA24}.Release|x86.Build.0 = Release|Win32
		{E94D1272-75B8-4793-9260-4E4B43F35513}.Debug|x64.ActiveCfg = Debug|x64
		{E94D1272-75B8-4793-9260-4E4B43F35513}.Debug|x64.Build.0 = Debug|x64
		{E94D1272-75B8-4793-9260-4E4B43F35513}.Debug|x86.ActiveCfg = Debug|Win32
		{E94D1272-75B8-4793-9260-4E4B43F35513}.Debug|x86.Build.0 = Debug|Win32
		{E94D1272-75B8-4793-9260-4E4B43F35513}.Release|x64.ActiveCfg = Release|x64
		{E94D1272-75B8-4793-9260-4E4B43F35513}.Release|x64.Build.0 = Release|x64
		{E94D1272-75B8-4793-9260-4E4B43F35513}.Release|x86.ActiveCfg = Release|Win32
		{E94D1272-75B8-4793-9260-4E4B43F35513}.Release|x86.Build.0 = Release|Win32
		{258DC50A-F4CA-42D8-84EE-0DE98835AC1B}.Debug|x64.ActiveCfg = Debug|x64
		{258DC50A-F4CA-42D8-84EE-0DE98835AC1B}.Debug|x64.Build.0 = Debug|x64
		{258DC50A-F4CA-42D8-84EE-0DE98835AC1B}.Debug|x86.ActiveCfg = Debug|Win32
		{258DC50A-F4CA-42D8-84EE-0DE98835AC1B}.Debug|x86.Build.0 = Debug|Win32
		{258DC50A-F4CA-42D8-84EE-0DE98835AC1B}.Release|x64.ActiveCfg = Release|x64
		{258DC50A-F4CA-42D8-84EE-0DE98835AC1B}.Release|x64.Build.0 = Release|x64
		{258DC50A-F4CA-42D8-84EE-0DE98835AC1B}.Release|x86.ActiveCfg = Release|Win32
		{258DC50A-F4CA-42D8-84EE-0DE98835AC1B}.Release|x86.Build.0 = Release|Win32
		{F8812997-8F02-4AE3-A722-613E2ADFF7BC}.Debug|x64.ActiveCfg = Debug|x64
		{F8812997-8F02-4AE3-A722-613E2ADFF7BC}.Debug|x64.Build.0 = Debug|x64
		{F8812997-8F02-4AE3-A722-613E2ADFF7BC}.Debug|x86.ActiveCfg = Debug|Win32
		{F8812997-8F02-4AE3-A722-613E2ADFF7BC}.Debug|x86.Build.0 = Debug|Win32
		{F8812997-8F02-4AE3-A722-613E2ADFF7BC}.Release|x64.ActiveCfg = Release|x64
		{F8812997-8F02-4AE3-A722-613E2ADFF7BC}.Release|x64.Build.0 = Release|x64
		{F8812997-8F02-4AE3-A722-613E2ADFF7BC}.Release|x86.ActiveCfg = Release|Win32
		{F8812997-8F02-4AE3-A722-613E2ADFF7BC}.Release|x86.Build.0 = Release|Win32
		{9E651998-9397-4B7E-B451-1E8F73615936}.Debug|x64.ActiveCfg = Debug|x64
		{9E651998-9397-4B7E-B451-1E8F73615936}.Debug|x64.Build.0 = Debug|x64
		{9E651998-9397-4B7E-B451-1E8F73615936}.Debug|x86.ActiveCfg = Debug|Win32
		{9E651998-9397-4B7E-B451-1E8F73615936}.Debug|x86.Build.0 = Debug|Win32
		{9E651998-9397-4B7E-B451-1E8F73615936}.Release|x64.ActiveCfg = Release|x64
		{9E651998-9397-4B7E-B451-1E8F73615936}.Release|x64.Build.0 = Release|x64
		{9E651998-9397-4B7E-B451-1E8F73615936}.Release|x86.ActiveCfg = Release|Win32
		{9E651998-9397-4B7E-B451-1E8F73615936}.Release|x86.Build.0 = Release|Win32
		{A2C3A0F0-E6FD-4019-9F4B-002C8C824F37}.Debug|x64.ActiveCfg = Debug|x64
		{A2C3A0F0-E6FD-4019-9F4B-002C8C824F37}.Debug|x64.Build.0 = Debug|x64
		{A2C3A0F0-E6FD-4019-9F4B-002C8C824F37}.Debug|x86.ActiveCfg = Debug|Win32
		{A2C3A0F0-E6FD-4019-9F4B-002C8C824F37}.Debug|x86.Build.0 = Debug|Win32
		{A2C3A0F0-E6FD-4019-9F4B-002C8C824F37}.Release|x64.ActiveCfg = Release|x64
		{A2C3A0F0-E6FD-4019-9F4B-002C8C824F37}.Release|x64.Build.0 = Release|x64
		{A2C3A0F0-E6FD-4019-9F4B-002C8C824F37}.Release|x86.ActiveCfg = Release|Win32
		{A2C3A0F0-E6FD-4019-9F4B-002C8C824F37}.Release|x86.Build.0 = Release|Win32
		{185B77BA-1DE6-4F0B-99B2-667611B97048}.Debug|x64.ActiveCfg = Debug|x64
		{185B77BA-1DE6-4F0B-99B2-667611B97048}.Debug|x64.Build.0 = Debug|x64
		{185B77BA-1DE6-4F0B-99B2-667611B97048}.Debug|x86.ActiveCfg = Debug|Win32
		{185B77BA-1DE6-4F0B-99B2-667611B97048}.Debug|x86.Build.0 = Debug|Win32
		{185B77BA-1DE6-4F0B-99B2-667611B97048}.Release|x64.ActiveCfg = Release|x64
		{185B77BA-1DE6-4F0B-99B2-667611B97048}.Release|x64.Build.0 = Release|x64
		{185B77BA-1DE6-4F0B-99B2-667611B97048}.Release|x86.ActiveCfg = Release|Win32
		{185B77BA-1DE6-4F0B-99B2-667611B97048}.Release|x86.Build.0 = Release|Win32
		{0A94E1D3-DCB8-44B8-B106-D8C62300DBD9}.Debug|x64.ActiveCfg = Debug|x64
		{0A94E1D3-DCB8-44B8-B106-D8C62300DBD9}.Debug|x64.Build.0 = Debug|x64
		{0A94E1D3-DCB8-44B8-B106-D8C62300DBD9}.Debug|x86.ActiveCfg = Debug|Win32
		{0A94E1D3-DCB8-44B8-B106-D8C62300DBD9}.Debug|x86.Build.0 = Debug|Win32
		{0A94E1D3-DCB8-44B8-B106-D8C62300DBD9}.Release|x64.ActiveCfg = Release|x64
		{0A94E1D3-DCB8-44B8-B106-D8C62300DBD9}.Release|x64.Build.0 = Release|x64
		{0A94E1D3-DCB8-44B8-B106-D8C62300DBD9}.Release|x86.ActiveCfg = Release|Win32
		{0A94E1D3-DCB8-44B8-B106-D8C62300DBD9}.Release|x86.Build.0 = Release|Win32
		{65DF2C00-3C13-4925-A611-FA5D9396A6BC}.Debug|x64.ActiveCfg = Debug|x64
		{65DF2C00-3C13-4925-A611-FA5D9396A6BC}.Debug|x64.Build.0 = Debug|x64
		{65DF2C00-3C13-4925-A611-FA5D9396A6BC}.Debug|x86.ActiveCfg = Debug|Win32
		{65DF2C00-3C13-4925-A611-FA5D9396A6BC}.Debug|x86.Build.0 = Debug|Win32
		{65DF2C00-3C13-4925-A611-FA5D9396A6BC}.Release|x64.ActiveCfg = Release|x64
		{65DF2C00-3C13-4925-A611-FA5D9396A6BC}.Release|x64.Build.0 = Release|x64
		{65DF2C00-3C13-4925-A611-FA5D9396A6BC}.Release|x86.ActiveCfg = Release|Win32
		{65DF2C00-3C13-4925-A611-FA5D9396A6BC}.Release|x86.Build.0 = Release|Win32
		{FB0C76E3-0FD7-4F6E-AD1D-FBF693A7C7C6}.Debug|x64.ActiveCfg = Debug|x64
		{FB0C76E3-0FD7-4F6E-AD1D-FBF693A7C7C6}.Debug|x64.Build.0 = Debug|x64
		{FB0C76E3-0FD7-4F6E-AD1D-FBF693A7C7C6}.Debug|x86.ActiveCfg = Debug|Win32
		{FB0C76E3-0FD7-4F6E-AD1D-FBF693A7C7C6}.Debug|x86.Build.0 = Debug|Win32
		{FB0C76E3-0FD7-4F6E-AD1D-FBF693A7C7C6}.Release|x64.ActiveCfg = Release|x64
		{FB0C76E3-0FD7-4F6E-AD1D-FBF693A7C7C6}.Release|x64.Build.0 = Release|x64
		{FB0C76E3-0FD7-4F6E-AD1D-FBF693A7C7C6}.Release|x86.ActiveCfg = Release|Win32
		{FB0C76E3-0FD7-4F6E-AD1D-FBF693A7C7C6}.Release|x86.Build.0 = Release|Win32
		{1DBB602E-A348-4046-97CE-68ADBD105D7B}.Debug|x64.ActiveCfg = Debug|x64
		{1DBB602E-A348-4046-97CE-68ADBD105D7B}.Debug|x64.Build.0 = Debug|x64
		{1DBB602E-A348-4046-97CE-68ADBD105D7B}.Debug|x86.ActiveCfg = Debug|Win32
		{1DBB602E-A348-4046-97CE-68ADBD105D7B}.Debug|x86.Build.0 = Debug|Win32
		{1DBB602E-A348-4046-97CE-68ADBD105D7B}.Release|x64.ActiveCfg = Release|x64
		{1DBB602E-A348-4046-97CE-68ADBD105D7B}.Release|x64.Build.0 = Release|x64
		{1DBB602E-A348-4046-97CE-68ADBD105D7B}.Release|x86.ActiveCfg = Release|Win32
		{1DBB602E-A348-4046-97CE-68ADBD105D7B}.Release|x86.Build.0 = Release|Win32
		{CEC14D3B-9C1C-48DD-98EB-FAC6A41883EF}.Debug|x64.ActiveCfg = Debug|x64
		{CEC14D3B-9C1C-48DD-98EB-FAC6A41883EF}.Debug|x64.Build.0 = Debug|x64
		{CEC14D3B-9C1C-48DD-98EB-FAC6A41883EF}.Debug|x86.ActiveCfg = Debug|Win32
		{CEC14D3B-9C1C-48DD-98EB-FAC6A41883EF}.Debug|x86.Build.0 = Debug|Win32
		{CEC14D3B-9C1C-48DD-98EB-FAC6A41883EF}.Release|x64.ActiveCfg = Release|x64
		{CEC14D3B-9C1C-48DD-98EB-FAC6A41883EF}.Release|x64.Build.0 = Release|x64
		{CEC14D3B-9C1C-48DD-98EB-FAC6A41883EF}.Release|x86.ActiveCfg = Release|Win32
		{CEC14D3B-9C1C-48DD-98EB-FAC6A41883EF}.Release|x86.Build.0 = Release|Win32
		{74BFD944-1D86-40FC-AD5F-B631046D0EF8}.Debug|x64.ActiveCfg = Debug|x64
		{74BFD944-1D86-40FC-AD5F-B631046D0EF8}.Debug|x64.Build.0 = Debug|x64
		{74BFD944-1D86-40FC-AD5F-B631046D0EF8}.Debug|x86.ActiveCfg = Debug|Win32
		{74BFD944-1D86-40FC-AD5F-B631046D0EF8}.Debug|x86.Build.0 = Debug|Win32
		{74BFD944-1D86-40FC-AD5F-B631046D0EF8}.Release|x64.ActiveCfg = Release|x64
		{74BFD944-1D86-40FC-AD5F-B631046D0EF8}.Release|x64.Build.0 = Release|x64
		{74BFD944-1D86-40FC-AD5F-B631046D0EF8}.Release|x86.ActiveCfg = Release|Win32
		{74BFD944-1D86-40FC-AD5F-B631046D0EF8}.Release|x86.Build.0 = Release|Win32
		{BDDCB3DD-2D36-4952-8238-5AEBB16D1EDF}.Debug|x64.ActiveCfg = Debug|x64
		{BDDCB3DD-2D36-4952-8238-5AEBB16D1EDF}.Debug|x64.Build.0 = Debug|x64
		{BDDCB3DD-2D36-4952-8238-5AEBB16D1EDF}.Debug|x86.ActiveCfg = Debug|Win32
		{BDDCB3DD-2D36-4952-8238-5AEBB16D1EDF}.Debug|x86.Build.0 = Debug|Win32
		{BDDCB3DD-2D36-4952-8238-5AEBB16D1EDF}.Release|x64.ActiveCfg = Release|x64
		{BDDCB3DD-2D36-4952-8238-5AEBB16D1EDF}.Release|x64.Build.0 = Release|x64
		{BDDCB3DD-2D36-4952-8238-5AEBB16D1EDF}.Release|x86.ActiveCfg = Release|Win32
		{BDDCB3DD-2D36-4952-8238-5AEBB16D1EDF}.Release|x86.Build.0 = Release|Win32
		{97F808AA-F9DC-4DBF-ACAA-23185F5519C6}.Debug|x64.ActiveCfg = Debug|x64
		{97F808AA-F9DC-4DBF-ACAA-23185F5519C6}.Debug|x64.Build.0 = Debug|x64
		{97F808AA-F9DC-4DBF-ACAA-23185F5519C6}.Debug|x86.ActiveCfg = Debug|Win32
		{97F808AA-F9DC-4DBF-ACAA-23185F5519C6}.Debug|x86.Build.0 = Debug|Win32
		{97F808AA-F9DC-4DBF-ACAA-23185F5519C6}.Release|x64.ActiveCfg = Release|x64
		{97F808AA-F9DC-4DBF-ACAA-23185F5519C6}.Release|x64.Build.0 = Release|x64
		{97F808AA-F9DC-4DBF-ACAA-23185F5519C6}.Release|x86.ActiveCfg = Release|Win32
		{97F808AA-F9DC-4DBF-ACAA-23185F5519C6}.Release|x86.Build.0 = Release|Win32
		{A0534A3B-2897-4220-BB76-468F3C9F4983}.Debug|x64.ActiveCfg = Debug|x64
		{A0534A3B-2897-4220-BB76-468F3C9F4983}.Debug|x64.Build.0 = Debug|x64
		{A0534A3B-2897-4220-BB76-468F3C9F4983}.Debug|x86.ActiveCfg = Debug|Win32
		{A0534A3B-2897-4220-BB76-468F3C9F4983}.Debug|x86.Build.0 = Debug|Win32
		{A0534A3B-2897-4220-BB76-468F3C9F4983}.Release|x64.ActiveCfg = Release|x64
		{A0534A3B-2897-4220-BB76-468F3C9F4983}.Release|x64.Build.0 = Release|x64
		{A0534A3B-2897-4220-BB76-468F3C9F4983}.Release|x86.ActiveCfg = Release|Win32
		{A0534A3B-2897-4220-BB76-468F3C9F4983}.Release|x86.Build.0 = Release|Win32
		{9C6C2C5A-3C7B-40C0-8BB7-1640EF909F3C}.Debug|x64.ActiveCfg = Debug|x64
		{9C6C2C5A-3C7B-40C0-8BB7-1640EF909F3C}.Debug|x64.Build.0 = Debug|x64
		{9C6C2C5A-3C7B-40C0-8BB7-1640EF909F3C}.Debug|x86.ActiveCfg = Debug|Win32
		{9C6C2C5A-3C7B-40C0-8BB7-1640EF909F3C}.Debug|x86.Build.0 = Debug|Win32
		{9C6C2C5A-3C7B-40C0-8BB7-1640EF909F3C}.Release|x64.ActiveCfg = Release|x64
		{9C6C2C5A-3C7B-40C0-8BB7-1640EF909F3C}.Release|x64.Build.0 = Release|x64
		{9C6C2C5A-3C7B-40C0-8BB7-1640EF909F3C}.Release|x86.ActiveCfg = Release|Win32
		{9C6C2C5A-3C7B-40C0-8BB7-1640EF909F3C}.Release|x86.Build.0 = Release|Win32
		{8B312933-6289-4356-992E-CA50BC8153B2}.Debug|x64.ActiveCfg = Debug|x64
		{8B312933-6289-4356-992E-CA50BC8153B2}.Debug|x64.Build.0 = Debug|x64
		{8B312933-6289-4356-992E-CA50BC8153B2}.Debug|x86.ActiveCfg = Debug|Win32
		{8B312933-6289-4356-992E-CA50BC8153B2}.Debug|x86.Build.0 = Debug|Win32
		{8B312933-6289-4356-992E-CA50BC8153B2}.Release|x64.ActiveCfg = Release|x64
		{8B312933-6289-4356-992E-CA50BC8153B2}.Release|x64.Build.0 = Release|x64
		{8B312933-6289-4356-992E-CA50BC8153B2}.Release|x86.ActiveCfg = Release|Win32
		{8B312933-6289-4356-992E-CA50BC8153B2}.Release|x86.Build.0 = Release|Win32
		{62CF25A1-6FC2-406B-810E-4BD5650ABA33}.Debug|x64.ActiveCfg = Debug|x64
		{62CF25A1-6FC2-406B-810E-4BD5650ABA33}.Debug|x64.Build.0 = Debug|x64
		{62CF25A1-6FC2-406B-810E-4BD5650ABA33}.Debug|x86.ActiveCfg = Debug|Win32
		{62CF25A1-6FC2-406B-810E-4BD5650ABA33}.Debug|x86.Build.0 = Debug|Win32
		{62CF25A1-6FC2-406B-810E-4BD5650ABA33}.Release|x64.ActiveCfg = Release|x64
		{62CF25A1-6FC2-406B-810E-4BD5650ABA33}.Release|x64.Build.0 = Release|x64
		{62CF25A1-6FC2-406B-810E-4BD5650ABA33}.Release|x86.ActiveCfg = Release|Win32
		{62CF25A1-6FC2-406B-810E-4BD5650ABA33}.Release|x86.Build.0 = Release|Win32
		{717BC7E6-DCBF-4150-95C3-6677EE2541B8}.Debug|x64.ActiveCfg = Debug|x64
		{717BC7E6-DCBF-4150-95C3-6677EE2541B8}.Debug|x64.Build.0 = Debug|x64
		{717BC7E6-DCBF-4150-95C3-6677EE2541B8}.Debug|x86.ActiveCfg = Debug|Win32
		{717BC7E6-DCBF-4150-95C3-6677EE2541B8}.Debug|x86.Build.0 = Debug|Win32
		{717BC7E6-DCBF-4150-95C3-6677EE2541B8}.Release|x64.ActiveCfg = Release|x64
		{717BC7E6-DCBF-4150-95C3-6677EE2541B8}.Release|x64.Build.0 = Release|x64
		{717BC7E6-DCBF-4150-95C3-6677EE2541B8}.Release|x86.ActiveCfg = Release|Win32
		{717BC7E6-DCBF-4150-95C3-6677EE2541B8}.Release|x86.Build.0 = Release|Win32
		{AD6B3EC3-08C2-4129-A31C-62AA39CB4BFB}.Debug|x64.ActiveCfg = Debug|x64
		{AD6B3EC3-08C2-4129-A31C-62AA39CB4BFB}.Debug|x64.Build.0 = Debug|x64
		{AD6B3EC3-08C2-4129-A31C-62AA39CB4BFB}.Debug|x86.ActiveCfg = Debug|Win32
		{AD6B3EC3-08C2-4129-A31C-62AA39CB4BFB}.Debug|x86.Build.0 = Debug|Win32
		{AD6B3EC3-08C2-4129-A31C-62AA39CB4BFB}.Release|x64.ActiveCfg = Release|x64
		{AD6B3EC3-08C2-4129-A31C-62AA39CB4BFB}.Release|x64.Build.0 = Release|x64
		{AD6B3EC3-08C2-4129-A31C-62AA39CB4BFB}.Release|x86.ActiveCfg = Release|Win32
		{AD6B3EC3-08C2-4129-A31C-62AA39CB4BFB}.Release|x86.Build.0 = Release|Win32
		{87DBCAA0-79BA-4B86-8E6D-0ADED1387A03}.Debug|x64.ActiveCfg = Debug|x64
		{87DBCAA0-79BA-4B86-8E6D-0ADED1387A03}.Debug|x64.Build.0 = Debug|x64
		{87DBCAA0-79BA-4B86-8E6D-0ADED1387A03}.Debug|x86.ActiveCfg = Debug|Win32
		{87DBCAA0-79BA-4B86-8E6D-0ADED1387A03}.Debug|x86.Build.0 = Debug|Win32
		{87DBCAA0-79BA-4B86-8E6D-0ADED1387A03}.Release|x64.ActiveCfg = Release|x64
		{87DBCAA0-79BA-4B86-8E6D-0ADED1387A03}.Release|x64.Build.0 = Release|x64
		{87DBCAA0-79BA-4B86-8E6D-0ADED1387A03}.Release|x86.ActiveCfg = Release|Win32
		{87DBCAA0-79BA-4B86-8E6D-0ADED1387A03}.Release|x86.Build.0 = Release|Win32
		{08F9E264-DF6E-41BB-8EF8-E799BCC537A5}.Debug|x64.ActiveCfg = Debug|x64
		{08F9E264-DF6E-41BB-8EF8-E799BCC537A5}.Debug|x64.Build.0 = Debug|x64
		{08F9E264-DF6E-41BB-8EF8-E799BCC537A5}.Debug|x86.ActiveCfg = Debug|Win32
		{08F9E264-DF6E-41BB-8EF8-E799BCC537A5}.Debug|x86.Build.0 = Debug|Win32
		{08F9E264-DF6E-41BB-8EF8-E799BCC537A5}.Release|x64.ActiveCfg = Release|x64
		{08F9E264-DF6E-41BB-8EF8-E799BCC537A5}.Release|x64.Build.0 = Release|x64
		{08F9E264-DF6E-41BB-8EF8-E799BCC537A5}.Release|x86.ActiveCfg = Release|Win32
		{08F9E264-DF6E-41BB-8EF8-E799BCC537A5}.Release|x86.Build.0 = Release|Win32
	EndGlobalSection
	GlobalSection(SolutionProperties) = preSolution
		HideSolutionNode = FALSE
	EndGlobalSection
	GlobalSection(NestedProjects) = preSolution
		{0A94E1D3-DCB8-44B8-B106-D8C62300DBD9} = {3F3CA53B-7384-46A0-81D8-C501DE3D0C04}
		{65DF2C00-3C13-4925-A611-FA5D9396A6BC} = {08F7FE2C-7F4A-4FAA-A529-41C6C252A18C}
		{FB0C76E3-0FD7-4F6E-AD1D-FBF693A7C7C6} = {08F7FE2C-7F4A-4FAA-A529-41C6C252A18C}
		{AD6B3EC3-08C2-4129-A31C-62AA39CB4BFB} = {3F3CA53B-7384-46A0-81D8-C501DE3D0C04}
		{87DBCAA0-79BA-4B86-8E6D-0ADED1387A03} = {3F3CA53B-7384-46A0-81D8-C501DE3D0C04}
	EndGlobalSection
	GlobalSection(ExtensibilityGlobals) = postSolution
		SolutionGuid = {596932FD-55A2-4B4F-81DD-B2DCFE062DC3}
	EndGlobalSection
EndGlobal
